# This file is automatically @generated by Cargo.
# It is not intended for manual editing.
version = 4

[[package]]
name = "browser"
version = "0.1.0"
dependencies = [
 "dom",
 "js",
 "net",
]

[[package]]
name = "dom"
version = "0.1.0"

[[package]]
name = "js"
version = "0.1.0"
dependencies = [
 "dom",
]

[[package]]
name = "net"
version = "0.1.0"

[[package]]
name = "tinybrowser"
version = "0.1.0"
dependencies = [
 "browser",
 "dom",
 "js",
 "net",
]
